// !$*UTF8*$!
{
	archiveVersion = 1;
	classes = {
	};
	objectVersion = 46;
	objects = {

/* Begin PBXBuildFile section */
		1FAAE2F61E30C4C500D02769 /* AppDelegate.swift in Sources */ = {isa = PBXBuildFile; fileRef = 1FAAE2F51E30C4C500D02769 /* AppDelegate.swift */; };
		1FAAE2F81E30C4C500D02769 /* ViewController.swift in Sources */ = {isa = PBXBuildFile; fileRef = 1FAAE2F71E30C4C500D02769 /* ViewController.swift */; };
		1FAAE2FB1E30C4C500D02769 /* Main.storyboard in Resources */ = {isa = PBXBuildFile; fileRef = 1FAAE2F91E30C4C500D02769 /* Main.storyboard */; };
		1FAAE2FE1E30C4C500D02769 /* pokedex.xcdatamodeld in Sources */ = {isa = PBXBuildFile; fileRef = 1FAAE2FC1E30C4C500D02769 /* pokedex.xcdatamodeld */; };
		1FAAE3001E30C4C500D02769 /* Assets.xcassets in Resources */ = {isa = PBXBuildFile; fileRef = 1FAAE2FF1E30C4C500D02769 /* Assets.xcassets */; };
		1FAAE3031E30C4C500D02769 /* LaunchScreen.storyboard in Resources */ = {isa = PBXBuildFile; fileRef = 1FAAE3011E30C4C500D02769 /* LaunchScreen.storyboard */; };
		712B1BD8581018167B8A4B90 /* Pods_pokedex.framework in Frameworks */ = {isa = PBXBuildFile; fileRef = 0AB05B28CDD31243C30C554F /* Pods_pokedex.framework */; };
/* End PBXBuildFile section */

/* Begin PBXFileReference section */
		0AB05B28CDD31243C30C554F /* Pods_pokedex.framework */ = {isa = PBXFileReference; explicitFileType = wrapper.framework; includeInIndex = 0; path = Pods_pokedex.framework; sourceTree = BUILT_PRODUCTS_DIR; };
		1FAAE2F21E30C4C500D02769 /* pokedex.app */ = {isa = PBXFileReference; explicitFileType = wrapper.application; includeInIndex = 0; path = pokedex.app; sourceTree = BUILT_PRODUCTS_DIR; };
		1FAAE2F51E30C4C500D02769 /* AppDelegate.swift */ = {isa = PBXFileReference; lastKnownFileType = sourcecode.swift; path = AppDelegate.swift; sourceTree = "<group>"; };
		1FAAE2F71E30C4C500D02769 /* ViewController.swift */ = {isa = PBXFileReference; lastKnownFileType = sourcecode.swift; path = ViewController.swift; sourceTree = "<group>"; };
		1FAAE2FA1E30C4C500D02769 /* Base */ = {isa = PBXFileReference; lastKnownFileType = file.storyboard; name = Base; path = Base.lproj/Main.storyboard; sourceTree = "<group>"; };
		1FAAE2FD1E30C4C500D02769 /* pokedex.xcdatamodel */ = {isa = PBXFileReference; lastKnownFileType = wrapper.xcdatamodel; path = pokedex.xcdatamodel; sourceTree = "<group>"; };
		1FAAE2FF1E30C4C500D02769 /* Assets.xcassets */ = {isa = PBXFileReference; lastKnownFileType = folder.assetcatalog; path = Assets.xcassets; sourceTree = "<group>"; };
		1FAAE3021E30C4C500D02769 /* Base */ = {isa = PBXFileReference; lastKnownFileType = file.storyboard; name = Base; path = Base.lproj/LaunchScreen.storyboard; sourceTree = "<group>"; };
		1FAAE3041E30C4C500D02769 /* Info.plist */ = {isa = PBXFileReference; lastKnownFileType = text.plist.xml; path = Info.plist; sourceTree = "<group>"; };
		2F110DCD949EC1BF24E4E08D /* Pods-pokedex.debug.xcconfig */ = {isa = PBXFileReference; includeInIndex = 1; lastKnownFileType = text.xcconfig; name = "Pods-pokedex.debug.xcconfig"; path = "Pods/Target Support Files/Pods-pokedex/Pods-pokedex.debug.xcconfig"; sourceTree = "<group>"; };
		D301AA1A9C13B4310C6B7D4D /* Pods-pokedex.release.xcconfig */ = {isa = PBXFileReference; includeInIndex = 1; lastKnownFileType = text.xcconfig; name = "Pods-pokedex.release.xcconfig"; path = "Pods/Target Support Files/Pods-pokedex/Pods-pokedex.release.xcconfig"; sourceTree = "<group>"; };
/* End PBXFileReference section */

/* Begin PBXFrameworksBuildPhase section */
		1FAAE2EF1E30C4C500D02769 /* Frameworks */ = {
			isa = PBXFrameworksBuildPhase;
			buildActionMask = 2147483647;
			files = (
				712B1BD8581018167B8A4B90 /* Pods_pokedex.framework in Frameworks */,
			);
			runOnlyForDeploymentPostprocessing = 0;
		};
/* End PBXFrameworksBuildPhase section */

/* Begin PBXGroup section */
		1FAAE2E91E30C4C400D02769 = {
			isa = PBXGroup;
			children = (
				1FAAE2F41E30C4C500D02769 /* pokedex */,
				1FAAE2F31E30C4C500D02769 /* Products */,
				8C1775307C3101F280AF3D3F /* Pods */,
				35DC7D21E20EA7A8A1779A9B /* Frameworks */,
			);
			sourceTree = "<group>";
		};
		1FAAE2F31E30C4C500D02769 /* Products */ = {
			isa = PBXGroup;
			children = (
				1FAAE2F21E30C4C500D02769 /* pokedex.app */,
			);
			name = Products;
			sourceTree = "<group>";
		};
		1FAAE2F41E30C4C500D02769 /* pokedex */ = {
			isa = PBXGroup;
			children = (
				1FAAE2F51E30C4C500D02769 /* AppDelegate.swift */,
				1FAAE2F71E30C4C500D02769 /* ViewController.swift */,
				1FAAE2F91E30C4C500D02769 /* Main.storyboard */,
				1FAAE2FF1E30C4C500D02769 /* Assets.xcassets */,
				1FAAE3011E30C4C500D02769 /* LaunchScreen.storyboard */,
				1FAAE3041E30C4C500D02769 /* Info.plist */,
				1FAAE2FC1E30C4C500D02769 /* pokedex.xcdatamodeld */,
			);
			path = pokedex;
			sourceTree = "<group>";
		};
		35DC7D21E20EA7A8A1779A9B /* Frameworks */ = {
			isa = PBXGroup;
			children = (
				0AB05B28CDD31243C30C554F /* Pods_pokedex.framework */,
			);
			name = Frameworks;
			sourceTree = "<group>";
		};
		8C1775307C3101F280AF3D3F /* Pods */ = {
			isa = PBXGroup;
			children = (
				2F110DCD949EC1BF24E4E08D /* Pods-pokedex.debug.xcconfig */,
				D301AA1A9C13B4310C6B7D4D /* Pods-pokedex.release.xcconfig */,
			);
			name = Pods;
			sourceTree = "<group>";
		};
/* End PBXGroup section */

/* Begin PBXNativeTarget section */
		1FAAE2F11E30C4C500D02769 /* pokedex */ = {
			isa = PBXNativeTarget;
			buildConfigurationList = 1FAAE3071E30C4C500D02769 /* Build configuration list for PBXNativeTarget "pokedex" */;
			buildPhases = (
				C35E9DC69F54829DCEB0361B /* [CP] Check Pods Manifest.lock */,
				1FAAE2EE1E30C4C500D02769 /* Sources */,
				1FAAE2EF1E30C4C500D02769 /* Frameworks */,
				1FAAE2F01E30C4C500D02769 /* Resources */,
				E4B5C318ADB78618641FFFC9 /* [CP] Embed Pods Frameworks */,
				B4A7E33E8532A8D92EE46D88 /* [CP] Copy Pods Resources */,
			);
			buildRules = (
			);
			dependencies = (
			);
			name = pokedex;
			productName = pokedex;
			productReference = 1FAAE2F21E30C4C500D02769 /* pokedex.app */;
			productType = "com.apple.product-type.application";
		};
/* End PBXNativeTarget section */

/* Begin PBXProject section */
		1FAAE2EA1E30C4C400D02769 /* Project object */ = {
			isa = PBXProject;
			attributes = {
				LastSwiftUpdateCheck = 0820;
				LastUpgradeCheck = 0820;
				ORGANIZATIONNAME = "mohsin raza";
				TargetAttributes = {
					1FAAE2F11E30C4C500D02769 = {
						CreatedOnToolsVersion = 8.2.1;
						DevelopmentTeam = PXM6W8F49H;
						ProvisioningStyle = Automatic;
					};
				};
			};
			buildConfigurationList = 1FAAE2ED1E30C4C400D02769 /* Build configuration list for PBXProject "pokedex" */;
			compatibilityVersion = "Xcode 3.2";
			developmentRegion = English;
			hasScannedForEncodings = 0;
			knownRegions = (
				en,
				Base,
			);
			mainGroup = 1FAAE2E91E30C4C400D02769;
			productRefGroup = 1FAAE2F31E30C4C500D02769 /* Products */;
			projectDirPath = "";
			projectRoot = "";
			targets = (
				1FAAE2F11E30C4C500D02769 /* pokedex */,
			);
		};
/* End PBXProject section */

/* Begin PBXResourcesBuildPhase section */
		1FAAE2F01E30C4C500D02769 /* Resources */ = {
			isa = PBXResourcesBuildPhase;
			buildActionMask = 2147483647;
			files = (
				1FAAE3031E30C4C500D02769 /* LaunchScreen.storyboard in Resources */,
				1FAAE3001E30C4C500D02769 /* Assets.xcassets in Resources */,
				1FAAE2FB1E30C4C500D02769 /* Main.storyboard in Resources */,
			);
			runOnlyForDeploymentPostprocessing = 0;
		};
/* End PBXResourcesBuildPhase section */

/* Begin PBXShellScriptBuildPhase section */
		B4A7E33E8532A8D92EE46D88 /* [CP] Copy Pods Resources */ = {
			isa = PBXShellScriptBuildPhase;
			buildActionMask = 2147483647;
			files = (
			);
			inputPaths = (
			);
			name = "[CP] Copy Pods Resources";
			outputPaths = (
			);
			runOnlyForDeploymentPostprocessing = 0;
			shellPath = /bin/sh;
			shellScript = "\"${SRCROOT}/Pods/Target Support Files/Pods-pokedex/Pods-pokedex-resources.sh\"\n";
			showEnvVarsInLog = 0;
		};
		C35E9DC69F54829DCEB0361B /* [CP] Check Pods Manifest.lock */ = {
			isa = PBXShellScriptBuildPhase;
			buildActionMask = 2147483647;
			files = (
			);
			inputPaths = (
			);
			name = "[CP] Check Pods Manifest.lock";
			outputPaths = (
			);
			runOnlyForDeploymentPostprocessing = 0;
			shellPath = /bin/sh;
			shellScript = "diff \"${PODS_ROOT}/../Podfile.lock\" \"${PODS_ROOT}/Manifest.lock\" > /dev/null\nif [ $? != 0 ] ; then\n    # print error to STDERR\n    echo \"error: The sandbox is not in sync with the Podfile.lock. Run 'pod install' or update your CocoaPods installation.\" >&2\n    exit 1\nfi\n";
			showEnvVarsInLog = 0;
		};
		E4B5C318ADB78618641FFFC9 /* [CP] Embed Pods Frameworks */ = {
			isa = PBXShellScriptBuildPhase;
			buildActionMask = 2147483647;
			files = (
			);
			inputPaths = (
			);
			name = "[CP] Embed Pods Frameworks";
			outputPaths = (
			);
			runOnlyForDeploymentPostprocessing = 0;
			shellPath = /bin/sh;
			shellScript = "\"${SRCROOT}/Pods/Target Support Files/Pods-pokedex/Pods-pokedex-frameworks.sh\"\n";
			showEnvVarsInLog = 0;
		};
/* End PBXShellScriptBuildPhase section */

/* Begin PBXSourcesBuildPhase section */
		1FAAE2EE1E30C4C500D02769 /* Sources */ = {
			isa = PBXSourcesBuildPhase;
			buildActionMask = 2147483647;
			files = (
				1FAAE2FE1E30C4C500D02769 /* pokedex.xcdatamodeld in Sources */,
				1FAAE2F81E30C4C500D02769 /* ViewController.swift in Sources */,
				1FAAE2F61E30C4C500D02769 /* AppDelegate.swift in Sources */,
			);
			runOnlyForDeploymentPostprocessing = 0;
		};
/* End PBXSourcesBuildPhase section */

/* Begin PBXVariantGroup section */
		1FAAE2F91E30C4C500D02769 /* Main.storyboard */ = {
			isa = PBXVariantGroup;
			children = (
				1FAAE2FA1E30C4C500D02769 /* Base */,
			);
			name = Main.storyboard;
			sourceTree = "<group>";
		};
		1FAAE3011E30C4C500D02769 /* LaunchScreen.storyboard */ = {
			isa = PBXVariantGroup;
			children = (
				1FAAE3021E30C4C500D02769 /* Base */,
			);
			name = LaunchScreen.storyboard;
			sourceTree = "<group>";
		};
/* End PBXVariantGroup section */

/* Begin XCBuildConfiguration section */
		1FAAE3051E30C4C500D02769 /* Debug */ = {
			isa = XCBuildConfiguration;
			buildSettings = {
				ALWAYS_SEARCH_USER_PATHS = NO;
				CLANG_ANALYZER_NONNULL = YES;
				CLANG_CXX_LANGUAGE_STANDARD = "gnu++0x";
				CLANG_CXX_LIBRARY = "libc++";
				CLANG_ENABLE_MODULES = YES;
				CLANG_ENABLE_OBJC_ARC = YES;
				CLANG_WARN_BOOL_CONVERSION = YES;
				CLANG_WARN_CONSTANT_CONVERSION = YES;
				CLANG_WARN_DIRECT_OBJC_ISA_USAGE = YES_ERROR;
				CLANG_WARN_DOCUMENTATION_COMMENTS = YES;
				CLANG_WARN_EMPTY_BODY = YES;
				CLANG_WARN_ENUM_CONVERSION = YES;
				CLANG_WARN_INFINITE_RECURSION = YES;
				CLANG_WARN_INT_CONVERSION = YES;
				CLANG_WARN_OBJC_ROOT_CLASS = YES_ERROR;
				CLANG_WARN_SUSPICIOUS_MOVE = YES;
				CLANG_WARN_UNREACHABLE_CODE = YES;
				CLANG_WARN__DUPLICATE_METHOD_MATCH = YES;
				"CODE_SIGN_IDENTITY[sdk=iphoneos*]" = "iPhone Developer";
				COPY_PHASE_STRIP = NO;
				DEBUG_INFORMATION_FORMAT = dwarf;
				ENABLE_STRICT_OBJC_MSGSEND = YES;
				ENABLE_TESTABILITY = YES;
				GCC_C_LANGUAGE_STANDARD = gnu99;
				GCC_DYNAMIC_NO_PIC = NO;
				GCC_NO_COMMON_BLOCKS = YES;
				GCC_OPTIMIZATION_LEVEL = 0;
				GCC_PREPROCESSOR_DEFINITIONS = (
					"DEBUG=1",
					"$(inherited)",
				);
				GCC_WARN_64_TO_32_BIT_CONVERSION = YES;
				GCC_WARN_ABOUT_RETURN_TYPE = YES_ERROR;
				GCC_WARN_UNDECLARED_SELECTOR = YES;
				GCC_WARN_UNINITIALIZED_AUTOS = YES_AGGRESSIVE;
				GCC_WARN_UNUSED_FUNCTION = YES;
				GCC_WARN_UNUSED_VARIABLE = YES;
				IPHONEOS_DEPLOYMENT_TARGET = 10.2;
				MTL_ENABLE_DEBUG_INFO = YES;
				ONLY_ACTIVE_ARCH = YES;
				SDKROOT = iphoneos;
				SWIFT_ACTIVE_COMPILATION_CONDITIONS = DEBUG;
				SWIFT_OPTIMIZATION_LEVEL = "-Onone";
			};
			name = Debug;
		};
		1FAAE3061E30C4C500D02769 /* Release */ = {
			isa = XCBuildConfiguration;
			buildSettings = {
				ALWAYS_SEARCH_USER_PATHS = NO;
				CLANG_ANALYZER_NONNULL = YES;
				CLANG_CXX_LANGUAGE_STANDARD = "gnu++0x";
				CLANG_CXX_LIBRARY = "libc++";
				CLANG_ENABLE_MODULES = YES;
				CLANG_ENABLE_OBJC_ARC = YES;
				CLANG_WARN_BOOL_CONVERSION = YES;
				CLANG_WARN_CONSTANT_CONVERSION = YES;
				CLANG_WARN_DIRECT_OBJC_ISA_USAGE = YES_ERROR;
				CLANG_WARN_DOCUMENTATION_COMMENTS = YES;
				CLANG_WARN_EMPTY_BODY = YES;
				CLANG_WARN_ENUM_CONVERSION = YES;
				CLANG_WARN_INFINITE_RECURSION = YES;
				CLANG_WARN_INT_CONVERSION = YES;
				CLANG_WARN_OBJC_ROOT_CLASS = YES_ERROR;
				CLANG_WARN_SUSPICIOUS_MOVE = YES;
				CLANG_WARN_UNREACHABLE_CODE = YES;
				CLANG_WARN__DUPLICATE_METHOD_MATCH = YES;
				"CODE_SIGN_IDENTITY[sdk=iphoneos*]" = "iPhone Developer";
				COPY_PHASE_STRIP = NO;
				DEBUG_INFORMATION_FORMAT = "dwarf-with-dsym";
				ENABLE_NS_ASSERTIONS = NO;
				ENABLE_STRICT_OBJC_MSGSEND = YES;
				GCC_C_LANGUAGE_STANDARD = gnu99;
				GCC_NO_COMMON_BLOCKS = YES;
				GCC_WARN_64_TO_32_BIT_CONVERSION = YES;
				GCC_WARN_ABOUT_RETURN_TYPE = YES_ERROR;
				GCC_WARN_UNDECLARED_SELECTOR = YES;
				GCC_WARN_UNINITIALIZED_AUTOS = YES_AGGRESSIVE;
				GCC_WARN_UNUSED_FUNCTION = YES;
				GCC_WARN_UNUSED_VARIABLE = YES;
				IPHONEOS_DEPLOYMENT_TARGET = 10.2;
				MTL_ENABLE_DEBUG_INFO = NO;
				SDKROOT = iphoneos;
				SWIFT_OPTIMIZATION_LEVEL = "-Owholemodule";
				VALIDATE_PRODUCT = YES;
			};
			name = Release;
		};
		1FAAE3081E30C4C500D02769 /* Debug */ = {
			isa = XCBuildConfiguration;
			baseConfigurationReference = 2F110DCD949EC1BF24E4E08D /* Pods-pokedex.debug.xcconfig */;
			buildSettings = {
				ASSETCATALOG_COMPILER_APPICON_NAME = AppIcon;
				DEVELOPMENT_TEAM = PXM6W8F49H;
				INFOPLIST_FILE = pokedex/Info.plist;
				LD_RUNPATH_SEARCH_PATHS = "$(inherited) @executable_path/Frameworks";
				PRODUCT_BUNDLE_IDENTIFIER = mohsin.pokedex;
				PRODUCT_NAME = "$(TARGET_NAME)";
				SWIFT_VERSION = 3.0;
			};
			name = Debug;
		};
		1FAAE3091E30C4C500D02769 /* Release */ = {
			isa = XCBuildConfiguration;
			baseConfigurationReference = D301AA1A9C13B4310C6B7D4D /* Pods-pokedex.release.xcconfig */;
			buildSettings = {
				ASSETCATALOG_COMPILER_APPICON_NAME = AppIcon;
				DEVELOPMENT_TEAM = PXM6W8F49H;
				INFOPLIST_FILE = pokedex/Info.plist;
				LD_RUNPATH_SEARCH_PATHS = "$(inherited) @executable_path/Frameworks";
				PRODUCT_BUNDLE_IDENTIFIER = mohsin.pokedex;
				PRODUCT_NAME = "$(TARGET_NAME)";
				SWIFT_VERSION = 3.0;
			};
			name = Release;
		};
/* End XCBuildConfiguration section */

/* Begin XCConfigurationList section */
		1FAAE2ED1E30C4C400D02769 /* Build configuration list for PBXProject "pokedex" */ = {
			isa = XCConfigurationList;
			buildConfigurations = (
				1FAAE3051E30C4C500D02769 /* Debug */,
				1FAAE3061E30C4C500D02769 /* Release */,
			);
			defaultConfigurationIsVisible = 0;
			defaultConfigurationName = Release;
		};
		1FAAE3071E30C4C500D02769 /* Build configuration list for PBXNativeTarget "pokedex" */ = {
			isa = XCConfigurationList;
			buildConfigurations = (
				1FAAE3081E30C4C500D02769 /* Debug */,
				1FAAE3091E30C4C500D02769 /* Release */,
			);
			defaultConfigurationIsVisible = 0;
		};
/* End XCConfigurationList section */

/* Begin XCVersionGroup section */
		1FAAE2FC1E30C4C500D02769 /* pokedex.xcdatamodeld */ = {
			isa = XCVersionGroup;
			children = (
				1FAAE2FD1E30C4C500D02769 /* pokedex.xcdatamodel */,
			);
			currentVersion = 1FAAE2FD1E30C4C500D02769 /* pokedex.xcdatamodel */;
			path = pokedex.xcdatamodeld;
			sourceTree = "<group>";
			versionGroupType = wrapper.xcdatamodel;
		};
/* End XCVersionGroup section */
	};
	rootObject = 1FAAE2EA1E30C4C400D02769 /* Project object */;
}
